
Microsoft Visual Studio Solution File, Format Version 12.00
# Visual Studio Version 16
VisualStudioVersion = 16.0.31025.194
MinimumVisualStudioVersion = 10.0.40219.1
Project("{9A19103F-16F7-4668-BE54-9A1E7A4F7556}") = "Set2", "Set2.csproj", "{8C787B7A-E39C-4454-B503-6A49CBA308F0}"
EndProject
Project("{9A19103F-16F7-4668-BE54-9A1E7A4F7556}") = "Set1", "..\Set1\Set1.csproj", "{2B0C0F3A-E846-446E-8316-0400F090FBF8}"
EndProject
Project("{FAE04EC0-301F-11D3-BF4B-00C04F79EFBC}") = "Set3", "..\Set3\Set3.csproj", "{742186D7-639A-4AA3-9A28-A50A7758AF44}"
EndProject
Global
	GlobalSection(SolutionConfigurationPlatforms) = preSolution
		Debug|Any CPU = Debug|Any CPU
		Release|Any CPU = Release|Any CPU
	EndGlobalSection
	GlobalSection(ProjectConfigurationPlatforms) = postSolution
		{8C787B7A-E39C-4454-B503-6A49CBA308F0}.Debug|Any CPU.ActiveCfg = Debug|Any CPU
		{8C787B7A-E39C-4454-B503-6A49CBA308F0}.Debug|Any CPU.Build.0 = Debug|Any CPU
		{8C787B7A-E39C-4454-B503-6A49CBA308F0}.Release|Any CPU.ActiveCfg = Release|Any CPU
		{8C787B7A-E39C-4454-B503-6A49CBA308F0}.Release|Any CPU.Build.0 = Release|Any CPU
		{2B0C0F3A-E846-446E-8316-0400F090FBF8}.Debug|Any CPU.ActiveCfg = Debug|Any CPU
		{2B0C0F3A-E846-446E-8316-0400F090FBF8}.Debug|Any CPU.Build.0 = Debug|Any CPU
		{2B0C0F3A-E846-446E-8316-0400F090FBF8}.Release|Any CPU.ActiveCfg = Release|Any CPU
		{2B0C0F3A-E846-446E-8316-0400F090FBF8}.Release|Any CPU.Build.0 = Release|Any CPU
		{742186D7-639A-4AA3-9A28-A50A7758AF44}.Debug|Any CPU.ActiveCfg = Debug|Any CPU
		{742186D7-639A-4AA3-9A28-A50A7758AF44}.Debug|Any CPU.Build.0 = Debug|Any CPU
		{742186D7-639A-4AA3-9A28-A50A7758AF44}.Release|Any CPU.ActiveCfg = Release|Any CPU
		{742186D7-639A-4AA3-9A28-A50A7758AF44}.Release|Any CPU.Build.0 = Release|Any CPU
	EndGlobalSection
	GlobalSection(SolutionProperties) = preSolution
		HideSolutionNode = FALSE
	EndGlobalSection
	GlobalSection(ExtensibilityGlobals) = postSolution
		SolutionGuid = {95FE2001-659B-4809-A456-738620E27B25}
	EndGlobalSection
EndGlobal
